{
  "name": "TimelineJS3",
  "version": "3.4.0",
  "lockfileVersion": 1,
  "requires": true,
  "dependencies": {
    "ajv": {
      "version": "4.11.8",
      "resolved": "https://registry.npmjs.org/ajv/-/ajv-4.11.8.tgz",
      "integrity": "sha1-gv+wKynmYq5TvcIK8VlHcGc5xTY=",
      "optional": true,
      "requires": {
        "co": "^4.6.0",
        "json-stable-stringify": "^1.0.1"
      }
    },
    "amdefine": {
      "version": "1.0.1",
      "resolved": "https://registry.npmjs.org/amdefine/-/amdefine-1.0.1.tgz",
      "integrity": "sha1-SlKCrBZHKek2Gbz9OtFR+BfOkfU="
    },
    "asap": {
      "version": "2.0.6",
      "resolved": "https://registry.npmjs.org/asap/-/asap-2.0.6.tgz",
      "integrity": "sha1-5QNHYR1+aQlDIIu9r+vLwvuGbUY=",
      "optional": true
    },
    "asn1": {
      "version": "0.2.4",
      "resolved": "https://registry.npmjs.org/asn1/-/asn1-0.2.4.tgz",
      "integrity": "sha512-jxwzQpLQjSmWXgwaCZE9Nz+glAG01yF1QnWgbhGwHI5A6FRIEY6IVqtHhIepHqI7/kyEyQEagBC5mBEFlIYvdg==",
      "optional": true,
      "requires": {
        "safer-buffer": "~2.1.0"
      }
    },
    "assert-plus": {
      "version": "0.2.0",
      "resolved": "https://registry.npmjs.org/assert-plus/-/assert-plus-0.2.0.tgz",
      "integrity": "sha1-104bh+ev/A24qttwIfP+SBAasjQ=",
      "optional": true
    },
    "asynckit": {
      "version": "0.4.0",
      "resolved": "https://registry.npmjs.org/asynckit/-/asynckit-0.4.0.tgz",
      "integrity": "sha1-x57Zf380y48robyXkLzDZkdLS3k=",
      "optional": true
    },
    "aws-sign2": {
      "version": "0.6.0",
      "resolved": "https://registry.npmjs.org/aws-sign2/-/aws-sign2-0.6.0.tgz",
      "integrity": "sha1-FDQt0428yU0OW4fXY81jYSwOeU8=",
      "optional": true
    },
    "aws4": {
      "version": "1.8.0",
      "resolved": "https://registry.npmjs.org/aws4/-/aws4-1.8.0.tgz",
      "integrity": "sha512-ReZxvNHIOv88FlT7rxcXIIC0fPt4KZqZbOlivyWtXLt8ESx84zd3kMC6iK5jVeS2qt+g7ftS7ye4fi06X5rtRQ==",
      "optional": true
    },
    "bcrypt-pbkdf": {
      "version": "1.0.2",
      "resolved": "https://registry.npmjs.org/bcrypt-pbkdf/-/bcrypt-pbkdf-1.0.2.tgz",
      "integrity": "sha1-pDAdOJtqQ/m2f/PKEaP2Y342Dp4=",
      "optional": true,
      "requires": {
        "tweetnacl": "^0.14.3"
      }
    },
    "boom": {
      "version": "2.10.1",
      "resolved": "https://registry.npmjs.org/boom/-/boom-2.10.1.tgz",
      "integrity": "sha1-OciRjO/1eZ+D+UkqhI9iWt0Mdm8=",
      "requires": {
        "hoek": "2.x.x"
      }
    },
    "caseless": {
      "version": "0.12.0",
      "resolved": "https://registry.npmjs.org/caseless/-/caseless-0.12.0.tgz",
      "integrity": "sha1-G2gcIf+EAzyCZUMJBolCDRhxUdw=",
      "optional": true
    },
    "clean-css": {
      "version": "3.4.28",
      "resolved": "https://registry.npmjs.org/clean-css/-/clean-css-3.4.28.tgz",
      "integrity": "sha1-vxlF6C/ICPVWlebd6uwBQA79A/8=",
      "requires": {
        "commander": "2.8.x",
        "source-map": "0.4.x"
      },
      "dependencies": {
        "source-map": {
          "version": "0.4.4",
          "resolved": "https://registry.npmjs.org/source-map/-/source-map-0.4.4.tgz",
          "integrity": "sha1-66T12pwNyZneaAMti092FzZSA2s=",
          "requires": {
            "amdefine": ">=0.0.4"
          }
        }
      }
    },
    "co": {
      "version": "4.6.0",
      "resolved": "https://registry.npmjs.org/co/-/co-4.6.0.tgz",
      "integrity": "sha1-bqa989hTrlTMuOR7+gvz+QMfsYQ=",
      "optional": true
    },
    "combined-stream": {
      "version": "1.0.7",
      "resolved": "https://registry.npmjs.org/combined-stream/-/combined-stream-1.0.7.tgz",
      "integrity": "sha512-brWl9y6vOB1xYPZcpZde3N9zDByXTosAeMDo4p1wzo6UMOX4vumB+TP1RZ76sfE6Md68Q0NJSrE/gbezd4Ul+w==",
      "requires": {
        "delayed-stream": "~1.0.0"
      }
    },
    "commander": {
      "version": "2.8.1",
      "resolved": "https://registry.npmjs.org/commander/-/commander-2.8.1.tgz",
      "integrity": "sha1-Br42f+v9oMMwqh4qBy09yXYkJdQ=",
      "requires": {
        "graceful-readlink": ">= 1.0.0"
      }
    },
    "core-util-is": {
      "version": "1.0.2",
      "resolved": "https://registry.npmjs.org/core-util-is/-/core-util-is-1.0.2.tgz",
      "integrity": "sha1-tf1UIgqivFq1eqtxQMlAdUUDwac=",
      "optional": true
    },
    "cryptiles": {
      "version": "2.0.5",
      "resolved": "https://registry.npmjs.org/cryptiles/-/cryptiles-2.0.5.tgz",
      "integrity": "sha1-O9/s3GCBR8HGcgL6KR59ylnqo7g=",
      "optional": true,
      "requires": {
        "boom": "2.x.x"
      }
    },
    "dashdash": {
      "version": "1.14.1",
      "resolved": "https://registry.npmjs.org/dashdash/-/dashdash-1.14.1.tgz",
      "integrity": "sha1-hTz6D3y+L+1d4gMmuN1YEDX24vA=",
      "optional": true,
      "requires": {
        "assert-plus": "^1.0.0"
      },
      "dependencies": {
        "assert-plus": {
          "version": "1.0.0",
          "resolved": "https://registry.npmjs.org/assert-plus/-/assert-plus-1.0.0.tgz",
          "integrity": "sha1-8S4PPF13sLHN2RRpQuTpbB5N1SU=",
          "optional": true
        }
      }
    },
    "delayed-stream": {
      "version": "1.0.0",
      "resolved": "https://registry.npmjs.org/delayed-stream/-/delayed-stream-1.0.0.tgz",
      "integrity": "sha1-3zrhmayt+31ECqrgsp4icrJOxhk="
    },
    "ecc-jsbn": {
      "version": "0.1.2",
      "resolved": "https://registry.npmjs.org/ecc-jsbn/-/ecc-jsbn-0.1.2.tgz",
      "integrity": "sha1-OoOpBOVDUyh4dMVkt1SThoSamMk=",
      "optional": true,
      "requires": {
        "jsbn": "~0.1.0",
        "safer-buffer": "^2.1.0"
      }
    },
    "errno": {
      "version": "0.1.7",
      "resolved": "https://registry.npmjs.org/errno/-/errno-0.1.7.tgz",
      "integrity": "sha512-MfrRBDWzIWifgq6tJj60gkAwtLNb6sQPlcFrSOflcP1aFmmruKQ2wRnze/8V6kgyz7H3FF8Npzv78mZ7XLLflg==",
      "optional": true,
      "requires": {
        "prr": "~1.0.1"
      }
    },
    "extend": {
      "version": "3.0.2",
      "resolved": "https://registry.npmjs.org/extend/-/extend-3.0.2.tgz",
      "integrity": "sha512-fjquC59cD7CyW6urNXK0FBufkZcoiGG80wTuPujX590cB5Ttln20E2UB4S/WARVqhXffZl2LNgS+gQdPIIim/g==",
      "optional": true
    },
    "extsprintf": {
      "version": "1.3.0",
      "resolved": "https://registry.npmjs.org/extsprintf/-/extsprintf-1.3.0.tgz",
      "integrity": "sha1-lpGEQOMEGnpBT4xS48V06zw+HgU="
    },
    "forever-agent": {
      "version": "0.6.1",
      "resolved": "https://registry.npmjs.org/forever-agent/-/forever-agent-0.6.1.tgz",
      "integrity": "sha1-+8cfDEGt6zf5bFd60e1C2P2sypE=",
      "optional": true
    },
    "form-data": {
      "version": "2.1.4",
      "resolved": "https://registry.npmjs.org/form-data/-/form-data-2.1.4.tgz",
      "integrity": "sha1-M8GDrPGTJ27KqYFDpp6Uv+4XUNE=",
      "optional": true,
      "requires": {
        "asynckit": "^0.4.0",
        "combined-stream": "^1.0.5",
        "mime-types": "^2.1.12"
      }
    },
    "getpass": {
      "version": "0.1.7",
      "resolved": "https://registry.npmjs.org/getpass/-/getpass-0.1.7.tgz",
      "integrity": "sha1-Xv+OPmhNVprkyysSgmBOi6YhSfo=",
      "optional": true,
      "requires": {
        "assert-plus": "^1.0.0"
      },
      "dependencies": {
        "assert-plus": {
          "version": "1.0.0",
          "resolved": "https://registry.npmjs.org/assert-plus/-/assert-plus-1.0.0.tgz",
          "integrity": "sha1-8S4PPF13sLHN2RRpQuTpbB5N1SU=",
          "optional": true
        }
      }
    },
    "graceful-fs": {
      "version": "4.1.15",
      "resolved": "https://registry.npmjs.org/graceful-fs/-/graceful-fs-4.1.15.tgz",
      "integrity": "sha512-6uHUhOPEBgQ24HM+r6b/QwWfZq+yiFcipKFrOFiBEnWdy5sdzYoi+pJeQaPI5qOLRFqWmAXUPQNsielzdLoecA==",
      "optional": true
    },
    "graceful-readlink": {
      "version": "1.0.1",
      "resolved": "https://registry.npmjs.org/graceful-readlink/-/graceful-readlink-1.0.1.tgz",
      "integrity": "sha1-TK+tdrxi8C+gObL5Tpo906ORpyU="
    },
    "har-schema": {
      "version": "1.0.5",
      "resolved": "https://registry.npmjs.org/har-schema/-/har-schema-1.0.5.tgz",
      "integrity": "sha1-0mMTX0MwfALGAq/I/pWXDAFRNp4=",
      "optional": true
    },
    "har-validator": {
      "version": "4.2.1",
      "resolved": "https://registry.npmjs.org/har-validator/-/har-validator-4.2.1.tgz",
      "integrity": "sha1-M0gdDxu/9gDdID11gSpqX7oALio=",
      "optional": true,
      "requires": {
        "ajv": "^4.9.1",
        "har-schema": "^1.0.5"
      }
    },
    "hawk": {
      "version": "3.1.3",
      "resolved": "https://registry.npmjs.org/hawk/-/hawk-3.1.3.tgz",
      "integrity": "sha1-B4REvXwWQLD+VA0sm3PVlnjo4cQ=",
      "optional": true,
      "requires": {
        "boom": "2.x.x",
        "cryptiles": "2.x.x",
        "hoek": "2.x.x",
        "sntp": "1.x.x"
      }
    },
    "hoek": {
      "version": "2.16.3",
      "resolved": "https://registry.npmjs.org/hoek/-/hoek-2.16.3.tgz",
      "integrity": "sha1-ILt0A9POo5jpHcRxCo/xuCdKJe0="
    },
    "http-signature": {
      "version": "1.1.1",
      "resolved": "https://registry.npmjs.org/http-signature/-/http-signature-1.1.1.tgz",
      "integrity": "sha1-33LiZwZs0Kxn+3at+OE0qPvPkb8=",
      "optional": true,
      "requires": {
        "assert-plus": "^0.2.0",
        "jsprim": "^1.2.2",
        "sshpk": "^1.7.0"
      }
    },
    "image-size": {
      "version": "0.5.5",
      "resolved": "https://registry.npmjs.org/image-size/-/image-size-0.5.5.tgz",
      "integrity": "sha1-Cd/Uq50g4p6xw+gLiZA3jfnjy5w=",
      "optional": true
    },
    "is-typedarray": {
      "version": "1.0.0",
      "resolved": "https://registry.npmjs.org/is-typedarray/-/is-typedarray-1.0.0.tgz",
      "integrity": "sha1-5HnICFjfDBsR3dppQPlgEfzaSpo=",
      "optional": true
    },
    "isstream": {
      "version": "0.1.2",
      "resolved": "https://registry.npmjs.org/isstream/-/isstream-0.1.2.tgz",
      "integrity": "sha1-R+Y/evVa+m+S4VAOaQ64uFKcCZo=",
      "optional": true
    },
    "jsbn": {
      "version": "0.1.1",
      "resolved": "https://registry.npmjs.org/jsbn/-/jsbn-0.1.1.tgz",
      "integrity": "sha1-peZUwuWi3rXyAdls77yoDA7y9RM="
    },
    "json-schema": {
      "version": "0.2.3",
      "resolved": "https://registry.npmjs.org/json-schema/-/json-schema-0.2.3.tgz",
      "integrity": "sha1-tIDIkuWaLwWVTOcnvT8qTogvnhM=",
      "optional": true
    },
    "json-stable-stringify": {
      "version": "1.0.1",
      "resolved": "https://registry.npmjs.org/json-stable-stringify/-/json-stable-stringify-1.0.1.tgz",
      "integrity": "sha1-mnWdOcXy/1A/1TAGRu1EX4jE+a8=",
      "optional": true,
      "requires": {
        "jsonify": "~0.0.0"
      }
    },
    "json-stringify-safe": {
      "version": "5.0.1",
      "resolved": "https://registry.npmjs.org/json-stringify-safe/-/json-stringify-safe-5.0.1.tgz",
      "integrity": "sha1-Epai1Y/UXxmg9s4B1lcB4sc1tus=",
      "optional": true
    },
    "jsonify": {
      "version": "0.0.0",
      "resolved": "https://registry.npmjs.org/jsonify/-/jsonify-0.0.0.tgz",
      "integrity": "sha1-LHS27kHZPKUbe1qu6PUDYx0lKnM=",
      "optional": true
    },
    "jsprim": {
      "version": "1.4.1",
      "resolved": "https://registry.npmjs.org/jsprim/-/jsprim-1.4.1.tgz",
      "integrity": "sha1-MT5mvB5cwG5Di8G3SZwuXFastqI=",
      "optional": true,
      "requires": {
        "assert-plus": "1.0.0",
        "extsprintf": "1.3.0",
        "json-schema": "0.2.3",
        "verror": "1.10.0"
      },
      "dependencies": {
        "assert-plus": {
          "version": "1.0.0",
          "resolved": "https://registry.npmjs.org/assert-plus/-/assert-plus-1.0.0.tgz",
          "integrity": "sha1-8S4PPF13sLHN2RRpQuTpbB5N1SU=",
          "optional": true
        }
      }
    },
    "less": {
      "version": "2.7.3",
      "resolved": "https://registry.npmjs.org/less/-/less-2.7.3.tgz",
      "integrity": "sha512-KPdIJKWcEAb02TuJtaLrhue0krtRLoRoo7x6BNJIBelO00t/CCdJQUnHW5V34OnHMWzIktSalJxRO+FvytQlCQ==",
      "requires": {
        "errno": "^0.1.1",
        "graceful-fs": "^4.1.2",
        "image-size": "~0.5.0",
        "mime": "^1.2.11",
        "mkdirp": "^0.5.0",
        "promise": "^7.1.1",
        "request": "2.81.0",
        "source-map": "^0.5.3"
      }
    },
    "less-plugin-clean-css": {
      "version": "1.5.1",
      "resolved": "https://registry.npmjs.org/less-plugin-clean-css/-/less-plugin-clean-css-1.5.1.tgz",
      "integrity": "sha1-zFeveqM5iVflbezr5jy2DCNClwM=",
      "requires": {
        "clean-css": "^3.0.1"
      }
    },
    "mime": {
      "version": "1.6.0",
      "resolved": "https://registry.npmjs.org/mime/-/mime-1.6.0.tgz",
      "integrity": "sha512-x0Vn8spI+wuJ1O6S7gnbaQg8Pxh4NNHb7KSINmEWKiPE4RKOplvijn+NkmYmmRgP68mc70j2EbeTFRsrswaQeg==",
      "optional": true
    },
    "mime-db": {
      "version": "1.37.0",
      "resolved": "https://registry.npmjs.org/mime-db/-/mime-db-1.37.0.tgz",
      "integrity": "sha512-R3C4db6bgQhlIhPU48fUtdVmKnflq+hRdad7IyKhtFj06VPNVdk2RhiYL3UjQIlso8L+YxAtFkobT0VK+S/ybg=="
    },
    "mime-types": {
      "version": "2.1.21",
      "resolved": "https://registry.npmjs.org/mime-types/-/mime-types-2.1.21.tgz",
      "integrity": "sha512-3iL6DbwpyLzjR3xHSFNFeb9Nz/M8WDkX33t1GFQnFOllWk8pOrh/LSrB5OXlnlW5P9LH73X6loW/eogc+F5lJg==",
      "requires": {
        "mime-db": "~1.37.0"
      }
    },
    "minimist": {
      "version": "0.0.8",
      "resolved": "https://registry.npmjs.org/minimist/-/minimist-0.0.8.tgz",
      "integrity": "sha1-hX/Kv8M5fSYluCKCYuhqp6ARsF0=",
      "optional": true
    },
    "mkdirp": {
      "version": "0.5.1",
      "resolved": "https://registry.npmjs.org/mkdirp/-/mkdirp-0.5.1.tgz",
      "integrity": "sha1-MAV0OOrGz3+MR2fzhkjWaX11yQM=",
      "optional": true,
      "requires": {
        "minimist": "0.0.8"
      }
    },
    "oauth-sign": {
      "version": "0.8.2",
      "resolved": "https://registry.npmjs.org/oauth-sign/-/oauth-sign-0.8.2.tgz",
      "integrity": "sha1-Rqarfwrq2N6unsBWV4C31O/rnUM=",
      "optional": true
    },
    "performance-now": {
      "version": "0.2.0",
      "resolved": "https://registry.npmjs.org/performance-now/-/performance-now-0.2.0.tgz",
      "integrity": "sha1-M+8wxcd9TqIcWlOGnZG1bY8lVeU=",
      "optional": true
    },
    "promise": {
      "version": "7.3.1",
      "resolved": "https://registry.npmjs.org/promise/-/promise-7.3.1.tgz",
      "integrity": "sha512-nolQXZ/4L+bP/UGlkfaIujX9BKxGwmQ9OT4mOt5yvy8iK1h3wqTEJCijzGANTCCl9nWjY41juyAn2K3Q1hLLTg==",
      "optional": true,
      "requires": {
        "asap": "~2.0.3"
      }
    },
    "prr": {
      "version": "1.0.1",
      "resolved": "https://registry.npmjs.org/prr/-/prr-1.0.1.tgz",
      "integrity": "sha1-0/wRS6BplaRexok/SEzrHXj19HY=",
      "optional": true
    },
    "punycode": {
      "version": "1.4.1",
      "resolved": "https://registry.npmjs.org/punycode/-/punycode-1.4.1.tgz",
      "integrity": "sha1-wNWmOycYgArY4esPpSachN1BhF4=",
      "optional": true
    },
    "qs": {
      "version": "6.4.0",
      "resolved": "https://registry.npmjs.org/qs/-/qs-6.4.0.tgz",
      "integrity": "sha1-E+JtKK1rD/qpExLNO/cI7TUecjM=",
      "optional": true
    },
    "request": {
      "version": "2.81.0",
      "resolved": "https://registry.npmjs.org/request/-/request-2.81.0.tgz",
      "integrity": "sha1-xpKJRqDgbF+Nb4qTM0af/aRimKA=",
      "optional": true,
      "requires": {
        "aws-sign2": "~0.6.0",
        "aws4": "^1.2.1",
        "caseless": "~0.12.0",
        "combined-stream": "~1.0.5",
        "extend": "~3.0.0",
        "forever-agent": "~0.6.1",
        "form-data": "~2.1.1",
        "har-validator": "~4.2.1",
        "hawk": "~3.1.3",
        "http-signature": "~1.1.0",
        "is-typedarray": "~1.0.0",
        "isstream": "~0.1.2",
        "json-stringify-safe": "~5.0.1",
        "mime-types": "~2.1.7",
        "oauth-sign": "~0.8.1",
        "performance-now": "^0.2.0",
        "qs": "~6.4.0",
        "safe-buffer": "^5.0.1",
        "stringstream": "~0.0.4",
        "tough-cookie": "~2.3.0",
        "tunnel-agent": "^0.6.0",
        "uuid": "^3.0.0"
      }
    },
    "safe-buffer": {
      "version": "5.1.2",
      "resolved": "https://registry.npmjs.org/safe-buffer/-/safe-buffer-5.1.2.tgz",
      "integrity": "sha512-Gd2UZBJDkXlY7GbJxfsE8/nvKkUEU1G38c1siN6QP6a9PT9MmHB8GnpscSmMJSoF8LOIrt8ud/wPtojys4G6+g=="
    },
    "safer-buffer": {
      "version": "2.1.2",
      "resolved": "https://registry.npmjs.org/safer-buffer/-/safer-buffer-2.1.2.tgz",
      "integrity": "sha512-YZo3K82SD7Riyi0E1EQPojLz7kpepnSQI9IyPbHHg1XXXevb5dJI7tpyN2ADxGcQbHG7vcyRHk0cbwqcQriUtg=="
    },
    "sntp": {
      "version": "1.0.9",
      "resolved": "https://registry.npmjs.org/sntp/-/sntp-1.0.9.tgz",
      "integrity": "sha1-ZUEYTMkK7qbG57NeJlkIJEPGYZg=",
      "optional": true,
      "requires": {
        "hoek": "2.x.x"
      }
    },
    "source-map": {
      "version": "0.5.7",
      "resolved": "https://registry.npmjs.org/source-map/-/source-map-0.5.7.tgz",
      "integrity": "sha1-igOdLRAh0i0eoUyA2OpGi6LvP8w=",
      "optional": true
    },
    "sshpk": {
      "version": "1.16.0",
      "resolved": "https://registry.npmjs.org/sshpk/-/sshpk-1.16.0.tgz",
      "integrity": "sha512-Zhev35/y7hRMcID/upReIvRse+I9SVhyVre/KTJSJQWMz3C3+G+HpO7m1wK/yckEtujKZ7dS4hkVxAnmHaIGVQ==",
      "optional": true,
      "requires": {
        "asn1": "~0.2.3",
        "assert-plus": "^1.0.0",
        "bcrypt-pbkdf": "^1.0.0",
        "dashdash": "^1.12.0",
        "ecc-jsbn": "~0.1.1",
        "getpass": "^0.1.1",
        "jsbn": "~0.1.0",
        "safer-buffer": "^2.0.2",
        "tweetnacl": "~0.14.0"
      },
      "dependencies": {
        "assert-plus": {
          "version": "1.0.0",
          "resolved": "https://registry.npmjs.org/assert-plus/-/assert-plus-1.0.0.tgz",
          "integrity": "sha1-8S4PPF13sLHN2RRpQuTpbB5N1SU=",
          "optional": true
        }
      }
    },
    "stringstream": {
      "version": "0.0.6",
      "resolved": "https://registry.npmjs.org/stringstream/-/stringstream-0.0.6.tgz",
      "integrity": "sha512-87GEBAkegbBcweToUrdzf3eLhWNg06FJTebl4BVJz/JgWy8CvEr9dRtX5qWphiynMSQlxxi+QqN0z5T32SLlhA==",
      "optional": true
    },
    "tough-cookie": {
      "version": "2.3.4",
      "resolved": "https://registry.npmjs.org/tough-cookie/-/tough-cookie-2.3.4.tgz",
      "integrity": "sha512-TZ6TTfI5NtZnuyy/Kecv+CnoROnyXn2DN97LontgQpCwsX2XyLYCC0ENhYkehSOwAp8rTQKc/NUIF7BkQ5rKLA==",
      "optional": true,
      "requires": {
        "punycode": "^1.4.1"
      }
    },
    "tunnel-agent": {
      "version": "0.6.0",
      "resolved": "https://registry.npmjs.org/tunnel-agent/-/tunnel-agent-0.6.0.tgz",
      "integrity": "sha1-J6XeoGs2sEoKmWZ3SykIaPD8QP0=",
      "optional": true,
      "requires": {
        "safe-buffer": "^5.0.1"
      }
    },
    "tweetnacl": {
      "version": "0.14.5",
      "resolved": "https://registry.npmjs.org/tweetnacl/-/tweetnacl-0.14.5.tgz",
      "integrity": "sha1-WuaBd/GS1EViadEIr6k/+HQ/T2Q="
    },
    "uglify-js": {
      "version": "3.4.9",
      "resolved": "https://registry.npmjs.org/uglify-js/-/uglify-js-3.4.9.tgz",
      "integrity": "sha512-8CJsbKOtEbnJsTyv6LE6m6ZKniqMiFWmm9sRbopbkGs3gMPPfd3Fh8iIA4Ykv5MgaTbqHr4BaoGLJLZNhsrW1Q==",
      "requires": {
        "commander": "~2.17.1",
        "source-map": "~0.6.1"
      },
      "dependencies": {
        "commander": {
          "version": "2.17.1",
          "resolved": "https://registry.npmjs.org/commander/-/commander-2.17.1.tgz",
          "integrity": "sha512-wPMUt6FnH2yzG95SA6mzjQOEKUU3aLaDEmzs1ti+1E9h+CsrZghRlqEM/EJ4KscsQVG8uNN4uVreUeT8+drlgg=="
        },
        "source-map": {
          "version": "0.6.1",
          "resolved": "https://registry.npmjs.org/source-map/-/source-map-0.6.1.tgz",
          "integrity": "sha512-UjgapumWlbMhkBgzT7Ykc5YXUT46F0iKu8SGXq0bcwP5dz/h0Plj6enJqjz1Zbq2l5WaqYnrVbwWOWMyF3F47g=="
        }
      }
    },
    "uuid": {
      "version": "3.3.2",
      "resolved": "https://registry.npmjs.org/uuid/-/uuid-3.3.2.tgz",
      "integrity": "sha512-yXJmeNaw3DnnKAOKJE51sL/ZaYfWJRl1pK9dr19YFCu0ObS231AB1/LbqTKRAQ5kw8A90rA6fr4riOUpTZvQZA==",
      "optional": true
    },
    "verror": {
      "version": "1.10.0",
      "resolved": "https://registry.npmjs.org/verror/-/verror-1.10.0.tgz",
      "integrity": "sha1-OhBcoXBTr1XW4nDB+CiGguGNpAA=",
      "optional": true,
      "requires": {
        "assert-plus": "^1.0.0",
        "core-util-is": "1.0.2",
        "extsprintf": "^1.2.0"
      },
      "dependencies": {
        "assert-plus": {
          "version": "1.0.0",
          "resolved": "https://registry.npmjs.org/assert-plus/-/assert-plus-1.0.0.tgz",
          "integrity": "sha1-8S4PPF13sLHN2RRpQuTpbB5N1SU=",
          "optional": true
        }
      }
    }
  }
}
